// !$*UTF8*$!
{
	archiveVersion = 1;
	classes = {
	};
	objectVersion = 51;
	objects = {

/* Begin PBXBuildFile section */
		CD26DC9122AFFA2A00B06F12 /* AppDelegate.swift in Sources */ = {isa = PBXBuildFile; fileRef = CD26DC9022AFFA2A00B06F12 /* AppDelegate.swift */; };
		CD26DC9322AFFA2A00B06F12 /* ListsViewController.swift in Sources */ = {isa = PBXBuildFile; fileRef = CD26DC9222AFFA2A00B06F12 /* ListsViewController.swift */; };
		CD26DC9522AFFA2A00B06F12 /* MapViewController.swift in Sources */ = {isa = PBXBuildFile; fileRef = CD26DC9422AFFA2A00B06F12 /* MapViewController.swift */; };
		CD26DC9822AFFA2A00B06F12 /* Main.storyboard in Resources */ = {isa = PBXBuildFile; fileRef = CD26DC9622AFFA2A00B06F12 /* Main.storyboard */; };
		CD26DC9A22AFFA2C00B06F12 /* Assets.xcassets in Resources */ = {isa = PBXBuildFile; fileRef = CD26DC9922AFFA2C00B06F12 /* Assets.xcassets */; };
		CD26DC9D22AFFA2C00B06F12 /* LaunchScreen.storyboard in Resources */ = {isa = PBXBuildFile; fileRef = CD26DC9B22AFFA2C00B06F12 /* LaunchScreen.storyboard */; };
		CD7D342F22B005E100022FCA /* BaseViewController.swift in Sources */ = {isa = PBXBuildFile; fileRef = CD7D342E22B005E100022FCA /* BaseViewController.swift */; };
		CD7D343322B006C900022FCA /* UIColor+MesCoinsAChampi.swift in Sources */ = {isa = PBXBuildFile; fileRef = CD7D343222B006C900022FCA /* UIColor+MesCoinsAChampi.swift */; };
		CD7D343522B007E900022FCA /* Constants.swift in Sources */ = {isa = PBXBuildFile; fileRef = CD7D343422B007E900022FCA /* Constants.swift */; };
		CD7D343722B008DF00022FCA /* RoundedUIView.swift in Sources */ = {isa = PBXBuildFile; fileRef = CD7D343622B008DF00022FCA /* RoundedUIView.swift */; };
		CD7D343922B0091D00022FCA /* RoundedUIButtonView.swift in Sources */ = {isa = PBXBuildFile; fileRef = CD7D343822B0091D00022FCA /* RoundedUIButtonView.swift */; };
		CD7D343B22B0094700022FCA /* RoundedUIImageView.swift in Sources */ = {isa = PBXBuildFile; fileRef = CD7D343A22B0094700022FCA /* RoundedUIImageView.swift */; };
		CDC4A56F22B39BC600D59252 /* AddWalkViewController.swift in Sources */ = {isa = PBXBuildFile; fileRef = CDC4A56E22B39BC600D59252 /* AddWalkViewController.swift */; };
		CDCA67D522B0ED1A00CE983E /* WalkTableViewCell.swift in Sources */ = {isa = PBXBuildFile; fileRef = CDCA67D422B0ED1A00CE983E /* WalkTableViewCell.swift */; };
		CDCA67D722B0ED3600CE983E /* MushTableViewCell.swift in Sources */ = {isa = PBXBuildFile; fileRef = CDCA67D622B0ED3600CE983E /* MushTableViewCell.swift */; };
		CDCA67FB22B13CFB00CE983E /* MesCoinsAChampi.xcdatamodeld in Sources */ = {isa = PBXBuildFile; fileRef = CDCA67F922B13CFB00CE983E /* MesCoinsAChampi.xcdatamodeld */; };
		CDCA680122B13FCA00CE983E /* Mush+CoreDataClass.swift in Sources */ = {isa = PBXBuildFile; fileRef = CDCA67FD22B13FCA00CE983E /* Mush+CoreDataClass.swift */; };
		CDCA680222B13FCA00CE983E /* Mush+CoreDataProperties.swift in Sources */ = {isa = PBXBuildFile; fileRef = CDCA67FE22B13FCA00CE983E /* Mush+CoreDataProperties.swift */; };
		CDCA680322B13FCA00CE983E /* Walk+CoreDataClass.swift in Sources */ = {isa = PBXBuildFile; fileRef = CDCA67FF22B13FCA00CE983E /* Walk+CoreDataClass.swift */; };
		CDCA680422B13FCA00CE983E /* Walk+CoreDataProperties.swift in Sources */ = {isa = PBXBuildFile; fileRef = CDCA680022B13FCA00CE983E /* Walk+CoreDataProperties.swift */; };
		CDCA680622B1493900CE983E /* RoundedUITextField.swift in Sources */ = {isa = PBXBuildFile; fileRef = CDCA680522B1493900CE983E /* RoundedUITextField.swift */; };
		CDCA680822B14DFA00CE983E /* AddMushViewController.swift in Sources */ = {isa = PBXBuildFile; fileRef = CDCA680722B14DFA00CE983E /* AddMushViewController.swift */; };
		CDCA680D22B1A47D00CE983E /* CameraHandler.swift in Sources */ = {isa = PBXBuildFile; fileRef = CDCA680C22B1A47D00CE983E /* CameraHandler.swift */; };
		CDCFEB5822B3C54F004B649A /* Position+CoreDataClass.swift in Sources */ = {isa = PBXBuildFile; fileRef = CDCFEB5622B3C54F004B649A /* Position+CoreDataClass.swift */; };
		CDCFEB5922B3C54F004B649A /* Position+CoreDataProperties.swift in Sources */ = {isa = PBXBuildFile; fileRef = CDCFEB5722B3C54F004B649A /* Position+CoreDataProperties.swift */; };
		CDCFEB5B22B3CD2D004B649A /* WalkRunViewController.swift in Sources */ = {isa = PBXBuildFile; fileRef = CDCFEB5A22B3CD2D004B649A /* WalkRunViewController.swift */; };
		CDCFEB5D22B3E01F004B649A /* UnitExtensions.swift in Sources */ = {isa = PBXBuildFile; fileRef = CDCFEB5C22B3E01F004B649A /* UnitExtensions.swift */; };
		CDCFEB5F22B3E065004B649A /* FormatDisplay.swift in Sources */ = {isa = PBXBuildFile; fileRef = CDCFEB5E22B3E065004B649A /* FormatDisplay.swift */; };
		CDCFEB6222B3ED82004B649A /* LocationManager.swift in Sources */ = {isa = PBXBuildFile; fileRef = CDCFEB6122B3ED82004B649A /* LocationManager.swift */; };
		F3985C5044095154B5A9C8B1 /* Pods_MesCoinsAChampi.framework in Frameworks */ = {isa = PBXBuildFile; fileRef = A2B619779EA9DE1110AA87E8 /* Pods_MesCoinsAChampi.framework */; };
/* End PBXBuildFile section */

/* Begin PBXFileReference section */
		6EEEE3B78A20F65485F9B0F0 /* Pods-MesCoinsAChampi.debug.xcconfig */ = {isa = PBXFileReference; includeInIndex = 1; lastKnownFileType = text.xcconfig; name = "Pods-MesCoinsAChampi.debug.xcconfig"; path = "Target Support Files/Pods-MesCoinsAChampi/Pods-MesCoinsAChampi.debug.xcconfig"; sourceTree = "<group>"; };
		8B99722CD19F49909A2D95A4 /* Pods-MesCoinsAChampi.release.xcconfig */ = {isa = PBXFileReference; includeInIndex = 1; lastKnownFileType = text.xcconfig; name = "Pods-MesCoinsAChampi.release.xcconfig"; path = "Target Support Files/Pods-MesCoinsAChampi/Pods-MesCoinsAChampi.release.xcconfig"; sourceTree = "<group>"; };
		A2B619779EA9DE1110AA87E8 /* Pods_MesCoinsAChampi.framework */ = {isa = PBXFileReference; explicitFileType = wrapper.framework; includeInIndex = 0; path = Pods_MesCoinsAChampi.framework; sourceTree = BUILT_PRODUCTS_DIR; };
		CD26DC8D22AFFA2A00B06F12 /* MesCoinsAChampi.app */ = {isa = PBXFileReference; explicitFileType = wrapper.application; includeInIndex = 0; path = MesCoinsAChampi.app; sourceTree = BUILT_PRODUCTS_DIR; };
		CD26DC9022AFFA2A00B06F12 /* AppDelegate.swift */ = {isa = PBXFileReference; lastKnownFileType = sourcecode.swift; path = AppDelegate.swift; sourceTree = "<group>"; };
		CD26DC9222AFFA2A00B06F12 /* ListsViewController.swift */ = {isa = PBXFileReference; lastKnownFileType = sourcecode.swift; path = ListsViewController.swift; sourceTree = "<group>"; };
		CD26DC9422AFFA2A00B06F12 /* MapViewController.swift */ = {isa = PBXFileReference; lastKnownFileType = sourcecode.swift; path = MapViewController.swift; sourceTree = "<group>"; };
		CD26DC9722AFFA2A00B06F12 /* Base */ = {isa = PBXFileReference; lastKnownFileType = file.storyboard; name = Base; path = Base.lproj/Main.storyboard; sourceTree = "<group>"; };
		CD26DC9922AFFA2C00B06F12 /* Assets.xcassets */ = {isa = PBXFileReference; lastKnownFileType = folder.assetcatalog; path = Assets.xcassets; sourceTree = "<group>"; };
		CD26DC9C22AFFA2C00B06F12 /* Base */ = {isa = PBXFileReference; lastKnownFileType = file.storyboard; name = Base; path = Base.lproj/LaunchScreen.storyboard; sourceTree = "<group>"; };
		CD26DC9E22AFFA2C00B06F12 /* Info.plist */ = {isa = PBXFileReference; lastKnownFileType = text.plist.xml; path = Info.plist; sourceTree = "<group>"; };
		CD7D342E22B005E100022FCA /* BaseViewController.swift */ = {isa = PBXFileReference; lastKnownFileType = sourcecode.swift; path = BaseViewController.swift; sourceTree = "<group>"; };
		CD7D343222B006C900022FCA /* UIColor+MesCoinsAChampi.swift */ = {isa = PBXFileReference; lastKnownFileType = sourcecode.swift; path = "UIColor+MesCoinsAChampi.swift"; sourceTree = "<group>"; };
		CD7D343422B007E900022FCA /* Constants.swift */ = {isa = PBXFileReference; lastKnownFileType = sourcecode.swift; path = Constants.swift; sourceTree = "<group>"; };
		CD7D343622B008DF00022FCA /* RoundedUIView.swift */ = {isa = PBXFileReference; lastKnownFileType = sourcecode.swift; path = RoundedUIView.swift; sourceTree = "<group>"; };
		CD7D343822B0091D00022FCA /* RoundedUIButtonView.swift */ = {isa = PBXFileReference; lastKnownFileType = sourcecode.swift; path = RoundedUIButtonView.swift; sourceTree = "<group>"; };
		CD7D343A22B0094700022FCA /* RoundedUIImageView.swift */ = {isa = PBXFileReference; lastKnownFileType = sourcecode.swift; path = RoundedUIImageView.swift; sourceTree = "<group>"; };
		CDC4A56E22B39BC600D59252 /* AddWalkViewController.swift */ = {isa = PBXFileReference; lastKnownFileType = sourcecode.swift; path = AddWalkViewController.swift; sourceTree = "<group>"; };
		CDCA67D422B0ED1A00CE983E /* WalkTableViewCell.swift */ = {isa = PBXFileReference; lastKnownFileType = sourcecode.swift; path = WalkTableViewCell.swift; sourceTree = "<group>"; };
		CDCA67D622B0ED3600CE983E /* MushTableViewCell.swift */ = {isa = PBXFileReference; lastKnownFileType = sourcecode.swift; path = MushTableViewCell.swift; sourceTree = "<group>"; };
		CDCA67FA22B13CFB00CE983E /* MesCoinsAChampi.xcdatamodel */ = {isa = PBXFileReference; lastKnownFileType = wrapper.xcdatamodel; path = MesCoinsAChampi.xcdatamodel; sourceTree = "<group>"; };
		CDCA67FD22B13FCA00CE983E /* Mush+CoreDataClass.swift */ = {isa = PBXFileReference; lastKnownFileType = sourcecode.swift; path = "Mush+CoreDataClass.swift"; sourceTree = "<group>"; };
		CDCA67FE22B13FCA00CE983E /* Mush+CoreDataProperties.swift */ = {isa = PBXFileReference; lastKnownFileType = sourcecode.swift; path = "Mush+CoreDataProperties.swift"; sourceTree = "<group>"; };
		CDCA67FF22B13FCA00CE983E /* Walk+CoreDataClass.swift */ = {isa = PBXFileReference; lastKnownFileType = sourcecode.swift; path = "Walk+CoreDataClass.swift"; sourceTree = "<group>"; };
		CDCA680022B13FCA00CE983E /* Walk+CoreDataProperties.swift */ = {isa = PBXFileReference; lastKnownFileType = sourcecode.swift; path = "Walk+CoreDataProperties.swift"; sourceTree = "<group>"; };
		CDCA680522B1493900CE983E /* RoundedUITextField.swift */ = {isa = PBXFileReference; lastKnownFileType = sourcecode.swift; path = RoundedUITextField.swift; sourceTree = "<group>"; };
		CDCA680722B14DFA00CE983E /* AddMushViewController.swift */ = {isa = PBXFileReference; lastKnownFileType = sourcecode.swift; path = AddMushViewController.swift; sourceTree = "<group>"; };
		CDCA680922B19C9500CE983E /* baladeFontainebleau.gpx */ = {isa = PBXFileReference; lastKnownFileType = text.xml; path = baladeFontainebleau.gpx; sourceTree = "<group>"; };
		CDCA680A22B19D9B00CE983E /* rambouillet.gpx */ = {isa = PBXFileReference; lastKnownFileType = text.xml; path = rambouillet.gpx; sourceTree = "<group>"; };
		CDCA680B22B19D9B00CE983E /* saleve.gpx */ = {isa = PBXFileReference; lastKnownFileType = text.xml; path = saleve.gpx; sourceTree = "<group>"; };
		CDCA680C22B1A47D00CE983E /* CameraHandler.swift */ = {isa = PBXFileReference; lastKnownFileType = sourcecode.swift; path = CameraHandler.swift; sourceTree = "<group>"; };
		CDCFEB5622B3C54F004B649A /* Position+CoreDataClass.swift */ = {isa = PBXFileReference; lastKnownFileType = sourcecode.swift; path = "Position+CoreDataClass.swift"; sourceTree = "<group>"; };
		CDCFEB5722B3C54F004B649A /* Position+CoreDataProperties.swift */ = {isa = PBXFileReference; lastKnownFileType = sourcecode.swift; path = "Position+CoreDataProperties.swift"; sourceTree = "<group>"; };
		CDCFEB5A22B3CD2D004B649A /* WalkRunViewController.swift */ = {isa = PBXFileReference; lastKnownFileType = sourcecode.swift; path = WalkRunViewController.swift; sourceTree = "<group>"; };
		CDCFEB5C22B3E01F004B649A /* UnitExtensions.swift */ = {isa = PBXFileReference; lastKnownFileType = sourcecode.swift; path = UnitExtensions.swift; sourceTree = "<group>"; };
		CDCFEB5E22B3E065004B649A /* FormatDisplay.swift */ = {isa = PBXFileReference; lastKnownFileType = sourcecode.swift; path = FormatDisplay.swift; sourceTree = "<group>"; };
		CDCFEB6122B3ED82004B649A /* LocationManager.swift */ = {isa = PBXFileReference; lastKnownFileType = sourcecode.swift; path = LocationManager.swift; sourceTree = "<group>"; };
/* End PBXFileReference section */

/* Begin PBXFrameworksBuildPhase section */
		CD26DC8A22AFFA2A00B06F12 /* Frameworks */ = {
			isa = PBXFrameworksBuildPhase;
			buildActionMask = 2147483647;
			files = (
				F3985C5044095154B5A9C8B1 /* Pods_MesCoinsAChampi.framework in Frameworks */,
			);
			runOnlyForDeploymentPostprocessing = 0;
		};
/* End PBXFrameworksBuildPhase section */

/* Begin PBXGroup section */
		1F7BFAB2C2A16CDB693B8FAD /* Pods */ = {
			isa = PBXGroup;
			children = (
				6EEEE3B78A20F65485F9B0F0 /* Pods-MesCoinsAChampi.debug.xcconfig */,
				8B99722CD19F49909A2D95A4 /* Pods-MesCoinsAChampi.release.xcconfig */,
			);
			path = Pods;
			sourceTree = "<group>";
		};
		6ECBEFD8F0277B53A8D82A5F /* Frameworks */ = {
			isa = PBXGroup;
			children = (
				A2B619779EA9DE1110AA87E8 /* Pods_MesCoinsAChampi.framework */,
			);
			name = Frameworks;
			sourceTree = "<group>";
		};
		CD26DC8422AFFA2A00B06F12 = {
			isa = PBXGroup;
			children = (
				CDCA680A22B19D9B00CE983E /* rambouillet.gpx */,
				CDCA680B22B19D9B00CE983E /* saleve.gpx */,
				CDCA680922B19C9500CE983E /* baladeFontainebleau.gpx */,
				CDCA67F922B13CFB00CE983E /* MesCoinsAChampi.xcdatamodeld */,
				CD26DC8F22AFFA2A00B06F12 /* MesCoinsAChampi */,
				CD26DC8E22AFFA2A00B06F12 /* Products */,
				1F7BFAB2C2A16CDB693B8FAD /* Pods */,
				6ECBEFD8F0277B53A8D82A5F /* Frameworks */,
			);
			sourceTree = "<group>";
		};
		CD26DC8E22AFFA2A00B06F12 /* Products */ = {
			isa = PBXGroup;
			children = (
				CD26DC8D22AFFA2A00B06F12 /* MesCoinsAChampi.app */,
			);
			name = Products;
			sourceTree = "<group>";
		};
		CD26DC8F22AFFA2A00B06F12 /* MesCoinsAChampi */ = {
			isa = PBXGroup;
			children = (
				CDCFEB6022B3ED49004B649A /* New Group */,
				CD26DC9022AFFA2A00B06F12 /* AppDelegate.swift */,
				CD26DC9622AFFA2A00B06F12 /* Main.storyboard */,
				CDCA67FC22B13FB100CE983E /* Model */,
				CD7D342A22AFFA7F00022FCA /* ViewControllers */,
				CD7D342D22B005BB00022FCA /* Base */,
				CD7D342B22AFFA8C00022FCA /* Cells */,
				CD7D342C22AFFA9400022FCA /* Utils */,
				CD26DC9922AFFA2C00B06F12 /* Assets.xcassets */,
				CD26DC9B22AFFA2C00B06F12 /* LaunchScreen.storyboard */,
				CD26DC9E22AFFA2C00B06F12 /* Info.plist */,
			);
			path = MesCoinsAChampi;
			sourceTree = "<group>";
		};
		CD7D342A22AFFA7F00022FCA /* ViewControllers */ = {
			isa = PBXGroup;
			children = (
				CD26DC9222AFFA2A00B06F12 /* ListsViewController.swift */,
				CD26DC9422AFFA2A00B06F12 /* MapViewController.swift */,
				CDCA680722B14DFA00CE983E /* AddMushViewController.swift */,
				CDC4A56E22B39BC600D59252 /* AddWalkViewController.swift */,
				CDCFEB5A22B3CD2D004B649A /* WalkRunViewController.swift */,
			);
			path = ViewControllers;
			sourceTree = "<group>";
		};
		CD7D342B22AFFA8C00022FCA /* Cells */ = {
			isa = PBXGroup;
			children = (
				CDCA67D422B0ED1A00CE983E /* WalkTableViewCell.swift */,
				CDCA67D622B0ED3600CE983E /* MushTableViewCell.swift */,
			);
			path = Cells;
			sourceTree = "<group>";
		};
		CD7D342C22AFFA9400022FCA /* Utils */ = {
			isa = PBXGroup;
			children = (
				CD7D343222B006C900022FCA /* UIColor+MesCoinsAChampi.swift */,
				CD7D343422B007E900022FCA /* Constants.swift */,
				CD7D343622B008DF00022FCA /* RoundedUIView.swift */,
				CD7D343822B0091D00022FCA /* RoundedUIButtonView.swift */,
				CD7D343A22B0094700022FCA /* RoundedUIImageView.swift */,
				CDCA680522B1493900CE983E /* RoundedUITextField.swift */,
				CDCA680C22B1A47D00CE983E /* CameraHandler.swift */,
				CDCFEB5C22B3E01F004B649A /* UnitExtensions.swift */,
				CDCFEB5E22B3E065004B649A /* FormatDisplay.swift */,
				CDCFEB6122B3ED82004B649A /* LocationManager.swift */,
			);
			path = Utils;
			sourceTree = "<group>";
		};
		CD7D342D22B005BB00022FCA /* Base */ = {
			isa = PBXGroup;
			children = (
				CD7D342E22B005E100022FCA /* BaseViewController.swift */,
			);
			path = Base;
			sourceTree = "<group>";
		};
		CDCA67FC22B13FB100CE983E /* Model */ = {
			isa = PBXGroup;
			children = (
				CDCFEB5622B3C54F004B649A /* Position+CoreDataClass.swift */,
				CDCFEB5722B3C54F004B649A /* Position+CoreDataProperties.swift */,
				CDCA67FD22B13FCA00CE983E /* Mush+CoreDataClass.swift */,
				CDCA67FE22B13FCA00CE983E /* Mush+CoreDataProperties.swift */,
				CDCA67FF22B13FCA00CE983E /* Walk+CoreDataClass.swift */,
				CDCA680022B13FCA00CE983E /* Walk+CoreDataProperties.swift */,
			);
			path = Model;
			sourceTree = "<group>";
		};
		CDCFEB6022B3ED49004B649A /* New Group */ = {
			isa = PBXGroup;
			children = (
			);
			path = "New Group";
			sourceTree = "<group>";
		};
/* End PBXGroup section */

/* Begin PBXNativeTarget section */
		CD26DC8C22AFFA2A00B06F12 /* MesCoinsAChampi */ = {
			isa = PBXNativeTarget;
			buildConfigurationList = CD26DCA122AFFA2C00B06F12 /* Build configuration list for PBXNativeTarget "MesCoinsAChampi" */;
			buildPhases = (
				5918A5B1CC5AE9D1658B3230 /* [CP] Check Pods Manifest.lock */,
				CD26DC8922AFFA2A00B06F12 /* Sources */,
				CD26DC8A22AFFA2A00B06F12 /* Frameworks */,
				CD26DC8B22AFFA2A00B06F12 /* Resources */,
				5C43C50B118A53653966DF19 /* [CP] Embed Pods Frameworks */,
			);
			buildRules = (
			);
			dependencies = (
			);
			name = MesCoinsAChampi;
			productName = MesCoinsAChampi;
			productReference = CD26DC8D22AFFA2A00B06F12 /* MesCoinsAChampi.app */;
			productType = "com.apple.product-type.application";
		};
/* End PBXNativeTarget section */

/* Begin PBXProject section */
		CD26DC8522AFFA2A00B06F12 /* Project object */ = {
			isa = PBXProject;
			attributes = {
				LastSwiftUpdateCheck = 1020;
				LastUpgradeCheck = 1020;
				ORGANIZATIONNAME = "Antoine Proux";
				TargetAttributes = {
					CD26DC8C22AFFA2A00B06F12 = {
						CreatedOnToolsVersion = 10.2.1;
						SystemCapabilities = {
							com.apple.BackgroundModes = {
								enabled = 1;
							};
						};
					};
				};
			};
			buildConfigurationList = CD26DC8822AFFA2A00B06F12 /* Build configuration list for PBXProject "MesCoinsAChampi" */;
			compatibilityVersion = "Xcode 9.3";
			developmentRegion = en;
			hasScannedForEncodings = 0;
			knownRegions = (
				en,
				Base,
			);
			mainGroup = CD26DC8422AFFA2A00B06F12;
			productRefGroup = CD26DC8E22AFFA2A00B06F12 /* Products */;
			projectDirPath = "";
			projectRoot = "";
			targets = (
				CD26DC8C22AFFA2A00B06F12 /* MesCoinsAChampi */,
			);
		};
/* End PBXProject section */

/* Begin PBXResourcesBuildPhase section */
		CD26DC8B22AFFA2A00B06F12 /* Resources */ = {
			isa = PBXResourcesBuildPhase;
			buildActionMask = 2147483647;
			files = (
				CD26DC9D22AFFA2C00B06F12 /* LaunchScreen.storyboard in Resources */,
				CD26DC9A22AFFA2C00B06F12 /* Assets.xcassets in Resources */,
				CD26DC9822AFFA2A00B06F12 /* Main.storyboard in Resources */,
			);
			runOnlyForDeploymentPostprocessing = 0;
		};
/* End PBXResourcesBuildPhase section */

/* Begin PBXShellScriptBuildPhase section */
		5918A5B1CC5AE9D1658B3230 /* [CP] Check Pods Manifest.lock */ = {
			isa = PBXShellScriptBuildPhase;
			buildActionMask = 2147483647;
			files = (
			);
			inputFileListPaths = (
			);
			inputPaths = (
				"${PODS_PODFILE_DIR_PATH}/Podfile.lock",
				"${PODS_ROOT}/Manifest.lock",
			);
			name = "[CP] Check Pods Manifest.lock";
			outputFileListPaths = (
			);
			outputPaths = (
				"$(DERIVED_FILE_DIR)/Pods-MesCoinsAChampi-checkManifestLockResult.txt",
			);
			runOnlyForDeploymentPostprocessing = 0;
			shellPath = /bin/sh;
			shellScript = "diff \"${PODS_PODFILE_DIR_PATH}/Podfile.lock\" \"${PODS_ROOT}/Manifest.lock\" > /dev/null\nif [ $? != 0 ] ; then\n    # print error to STDERR\n    echo \"error: The sandbox is not in sync with the Podfile.lock. Run 'pod install' or update your CocoaPods installation.\" >&2\n    exit 1\nfi\n# This output is used by Xcode 'outputs' to avoid re-running this script phase.\necho \"SUCCESS\" > \"${SCRIPT_OUTPUT_FILE_0}\"\n";
			showEnvVarsInLog = 0;
		};
		5C43C50B118A53653966DF19 /* [CP] Embed Pods Frameworks */ = {
			isa = PBXShellScriptBuildPhase;
			buildActionMask = 2147483647;
			files = (
			);
			inputFileListPaths = (
				"${PODS_ROOT}/Target Support Files/Pods-MesCoinsAChampi/Pods-MesCoinsAChampi-frameworks-${CONFIGURATION}-input-files.xcfilelist",
			);
			name = "[CP] Embed Pods Frameworks";
			outputFileListPaths = (
				"${PODS_ROOT}/Target Support Files/Pods-MesCoinsAChampi/Pods-MesCoinsAChampi-frameworks-${CONFIGURATION}-output-files.xcfilelist",
			);
			runOnlyForDeploymentPostprocessing = 0;
			shellPath = /bin/sh;
			shellScript = "\"${PODS_ROOT}/Target Support Files/Pods-MesCoinsAChampi/Pods-MesCoinsAChampi-frameworks.sh\"\n";
			showEnvVarsInLog = 0;
		};
/* End PBXShellScriptBuildPhase section */

/* Begin PBXSourcesBuildPhase section */
		CD26DC8922AFFA2A00B06F12 /* Sources */ = {
			isa = PBXSourcesBuildPhase;
			buildActionMask = 2147483647;
			files = (
				CDCFEB5922B3C54F004B649A /* Position+CoreDataProperties.swift in Sources */,
				CDCA680322B13FCA00CE983E /* Walk+CoreDataClass.swift in Sources */,
				CDCA680822B14DFA00CE983E /* AddMushViewController.swift in Sources */,
				CDCA680222B13FCA00CE983E /* Mush+CoreDataProperties.swift in Sources */,
				CDCA680422B13FCA00CE983E /* Walk+CoreDataProperties.swift in Sources */,
				CD7D343722B008DF00022FCA /* RoundedUIView.swift in Sources */,
				CDCA680D22B1A47D00CE983E /* CameraHandler.swift in Sources */,
				CDCFEB5D22B3E01F004B649A /* UnitExtensions.swift in Sources */,
				CDCFEB5F22B3E065004B649A /* FormatDisplay.swift in Sources */,
				CD26DC9522AFFA2A00B06F12 /* MapViewController.swift in Sources */,
				CDCA67D522B0ED1A00CE983E /* WalkTableViewCell.swift in Sources */,
				CDCFEB5B22B3CD2D004B649A /* WalkRunViewController.swift in Sources */,
				CDCFEB6222B3ED82004B649A /* LocationManager.swift in Sources */,
				CD7D343922B0091D00022FCA /* RoundedUIButtonView.swift in Sources */,
				CDCA67D722B0ED3600CE983E /* MushTableViewCell.swift in Sources */,
				CD7D343322B006C900022FCA /* UIColor+MesCoinsAChampi.swift in Sources */,
				CD7D342F22B005E100022FCA /* BaseViewController.swift in Sources */,
				CDCA680122B13FCA00CE983E /* Mush+CoreDataClass.swift in Sources */,
				CD7D343B22B0094700022FCA /* RoundedUIImageView.swift in Sources */,
				CDCA67FB22B13CFB00CE983E /* MesCoinsAChampi.xcdatamodeld in Sources */,
				CDCFEB5822B3C54F004B649A /* Position+CoreDataClass.swift in Sources */,
				CD26DC9122AFFA2A00B06F12 /* AppDelegate.swift in Sources */,
				CDCA680622B1493900CE983E /* RoundedUITextField.swift in Sources */,
				CDC4A56F22B39BC600D59252 /* AddWalkViewController.swift in Sources */,
				CD26DC9322AFFA2A00B06F12 /* ListsViewController.swift in Sources */,
				CD7D343522B007E900022FCA /* Constants.swift in Sources */,
			);
			runOnlyForDeploymentPostprocessing = 0;
		};
/* End PBXSourcesBuildPhase section */

/* Begin PBXVariantGroup section */
		CD26DC9622AFFA2A00B06F12 /* Main.storyboard */ = {
			isa = PBXVariantGroup;
			children = (
				CD26DC9722AFFA2A00B06F12 /* Base */,
			);
			name = Main.storyboard;
			sourceTree = "<group>";
		};
		CD26DC9B22AFFA2C00B06F12 /* LaunchScreen.storyboard */ = {
			isa = PBXVariantGroup;
			children = (
				CD26DC9C22AFFA2C00B06F12 /* Base */,
			);
			name = LaunchScreen.storyboard;
			sourceTree = "<group>";
		};
/* End PBXVariantGroup section */

/* Begin XCBuildConfiguration section */
		CD26DC9F22AFFA2C00B06F12 /* Debug */ = {
			isa = XCBuildConfiguration;
			buildSettings = {
				ALWAYS_SEARCH_USER_PATHS = NO;
				CLANG_ANALYZER_NONNULL = YES;
				CLANG_ANALYZER_NUMBER_OBJECT_CONVERSION = YES_AGGRESSIVE;
				CLANG_CXX_LANGUAGE_STANDARD = "gnu++14";
				CLANG_CXX_LIBRARY = "libc++";
				CLANG_ENABLE_MODULES = YES;
				CLANG_ENABLE_OBJC_ARC = YES;
				CLANG_ENABLE_OBJC_WEAK = YES;
				CLANG_WARN_BLOCK_CAPTURE_AUTORELEASING = YES;
				CLANG_WARN_BOOL_CONVERSION = YES;
				CLANG_WARN_COMMA = YES;
				CLANG_WARN_CONSTANT_CONVERSION = YES;
				CLANG_WARN_DEPRECATED_OBJC_IMPLEMENTATIONS = YES;
				CLANG_WARN_DIRECT_OBJC_ISA_USAGE = YES_ERROR;
				CLANG_WARN_DOCUMENTATION_COMMENTS = YES;
				CLANG_WARN_EMPTY_BODY = YES;
				CLANG_WARN_ENUM_CONVERSION = YES;
				CLANG_WARN_INFINITE_RECURSION = YES;
				CLANG_WARN_INT_CONVERSION = YES;
				CLANG_WARN_NON_LITERAL_NULL_CONVERSION = YES;
				CLANG_WARN_OBJC_IMPLICIT_RETAIN_SELF = YES;
				CLANG_WARN_OBJC_LITERAL_CONVERSION = YES;
				CLANG_WARN_OBJC_ROOT_CLASS = YES_ERROR;
				CLANG_WARN_RANGE_LOOP_ANALYSIS = YES;
				CLANG_WARN_STRICT_PROTOTYPES = YES;
				CLANG_WARN_SUSPICIOUS_MOVE = YES;
				CLANG_WARN_UNGUARDED_AVAILABILITY = YES_AGGRESSIVE;
				CLANG_WARN_UNREACHABLE_CODE = YES;
				CLANG_WARN__DUPLICATE_METHOD_MATCH = YES;
				CODE_SIGN_IDENTITY = "iPhone Developer";
				COPY_PHASE_STRIP = NO;
				DEBUG_INFORMATION_FORMAT = dwarf;
				ENABLE_STRICT_OBJC_MSGSEND = YES;
				ENABLE_TESTABILITY = YES;
				GCC_C_LANGUAGE_STANDARD = gnu11;
				GCC_DYNAMIC_NO_PIC = NO;
				GCC_NO_COMMON_BLOCKS = YES;
				GCC_OPTIMIZATION_LEVEL = 0;
				GCC_PREPROCESSOR_DEFINITIONS = (
					"DEBUG=1",
					"$(inherited)",
				);
				GCC_WARN_64_TO_32_BIT_CONVERSION = YES;
				GCC_WARN_ABOUT_RETURN_TYPE = YES_ERROR;
				GCC_WARN_UNDECLARED_SELECTOR = YES;
				GCC_WARN_UNINITIALIZED_AUTOS = YES_AGGRESSIVE;
				GCC_WARN_UNUSED_FUNCTION = YES;
				GCC_WARN_UNUSED_VARIABLE = YES;
				IPHONEOS_DEPLOYMENT_TARGET = 12.2;
				MTL_ENABLE_DEBUG_INFO = INCLUDE_SOURCE;
				MTL_FAST_MATH = YES;
				ONLY_ACTIVE_ARCH = YES;
				SDKROOT = iphoneos;
				SWIFT_ACTIVE_COMPILATION_CONDITIONS = DEBUG;
				SWIFT_OPTIMIZATION_LEVEL = "-Onone";
			};
			name = Debug;
		};
		CD26DCA022AFFA2C00B06F12 /* Release */ = {
			isa = XCBuildConfiguration;
			buildSettings = {
				ALWAYS_SEARCH_USER_PATHS = NO;
				CLANG_ANALYZER_NONNULL = YES;
				CLANG_ANALYZER_NUMBER_OBJECT_CONVERSION = YES_AGGRESSIVE;
				CLANG_CXX_LANGUAGE_STANDARD = "gnu++14";
				CLANG_CXX_LIBRARY = "libc++";
				CLANG_ENABLE_MODULES = YES;
				CLANG_ENABLE_OBJC_ARC = YES;
				CLANG_ENABLE_OBJC_WEAK = YES;
				CLANG_WARN_BLOCK_CAPTURE_AUTORELEASING = YES;
				CLANG_WARN_BOOL_CONVERSION = YES;
				CLANG_WARN_COMMA = YES;
				CLANG_WARN_CONSTANT_CONVERSION = YES;
				CLANG_WARN_DEPRECATED_OBJC_IMPLEMENTATIONS = YES;
				CLANG_WARN_DIRECT_OBJC_ISA_USAGE = YES_ERROR;
				CLANG_WARN_DOCUMENTATION_COMMENTS = YES;
				CLANG_WARN_EMPTY_BODY = YES;
				CLANG_WARN_ENUM_CONVERSION = YES;
				CLANG_WARN_INFINITE_RECURSION = YES;
				CLANG_WARN_INT_CONVERSION = YES;
				CLANG_WARN_NON_LITERAL_NULL_CONVERSION = YES;
				CLANG_WARN_OBJC_IMPLICIT_RETAIN_SELF = YES;
				CLANG_WARN_OBJC_LITERAL_CONVERSION = YES;
				CLANG_WARN_OBJC_ROOT_CLASS = YES_ERROR;
				CLANG_WARN_RANGE_LOOP_ANALYSIS = YES;
				CLANG_WARN_STRICT_PROTOTYPES = YES;
				CLANG_WARN_SUSPICIOUS_MOVE = YES;
				CLANG_WARN_UNGUARDED_AVAILABILITY = YES_AGGRESSIVE;
				CLANG_WARN_UNREACHABLE_CODE = YES;
				CLANG_WARN__DUPLICATE_METHOD_MATCH = YES;
				CODE_SIGN_IDENTITY = "iPhone Developer";
				COPY_PHASE_STRIP = NO;
				DEBUG_INFORMATION_FORMAT = "dwarf-with-dsym";
				ENABLE_NS_ASSERTIONS = NO;
				ENABLE_STRICT_OBJC_MSGSEND = YES;
				GCC_C_LANGUAGE_STANDARD = gnu11;
				GCC_NO_COMMON_BLOCKS = YES;
				GCC_WARN_64_TO_32_BIT_CONVERSION = YES;
				GCC_WARN_ABOUT_RETURN_TYPE = YES_ERROR;
				GCC_WARN_UNDECLARED_SELECTOR = YES;
				GCC_WARN_UNINITIALIZED_AUTOS = YES_AGGRESSIVE;
				GCC_WARN_UNUSED_FUNCTION = YES;
				GCC_WARN_UNUSED_VARIABLE = YES;
				IPHONEOS_DEPLOYMENT_TARGET = 12.2;
				MTL_ENABLE_DEBUG_INFO = NO;
				MTL_FAST_MATH = YES;
				SDKROOT = iphoneos;
				SWIFT_COMPILATION_MODE = wholemodule;
				SWIFT_OPTIMIZATION_LEVEL = "-O";
				VALIDATE_PRODUCT = YES;
			};
			name = Release;
		};
		CD26DCA222AFFA2C00B06F12 /* Debug */ = {
			isa = XCBuildConfiguration;
			baseConfigurationReference = 6EEEE3B78A20F65485F9B0F0 /* Pods-MesCoinsAChampi.debug.xcconfig */;
			buildSettings = {
				ASSETCATALOG_COMPILER_APPICON_NAME = AppIcon;
				CODE_SIGN_STYLE = Automatic;
				DEVELOPMENT_TEAM = 96DZ48A3NY;
				INFOPLIST_FILE = MesCoinsAChampi/Info.plist;
				LD_RUNPATH_SEARCH_PATHS = (
					"$(inherited)",
					"@executable_path/Frameworks",
				);
				PRODUCT_BUNDLE_IDENTIFIER = com.aprouxdev.MesCoinsAChampi;
				PRODUCT_NAME = "$(TARGET_NAME)";
				SWIFT_VERSION = 5.0;
				TARGETED_DEVICE_FAMILY = "1,2";
			};
			name = Debug;
		};
		CD26DCA322AFFA2C00B06F12 /* Release */ = {
			isa = XCBuildConfiguration;
			baseConfigurationReference = 8B99722CD19F49909A2D95A4 /* Pods-MesCoinsAChampi.release.xcconfig */;
			buildSettings = {
				ASSETCATALOG_COMPILER_APPICON_NAME = AppIcon;
				CODE_SIGN_STYLE = Automatic;
				DEVELOPMENT_TEAM = 96DZ48A3NY;
				INFOPLIST_FILE = MesCoinsAChampi/Info.plist;
				LD_RUNPATH_SEARCH_PATHS = (
					"$(inherited)",
					"@executable_path/Frameworks",
				);
				PRODUCT_BUNDLE_IDENTIFIER = com.aprouxdev.MesCoinsAChampi;
				PRODUCT_NAME = "$(TARGET_NAME)";
				SWIFT_VERSION = 5.0;
				TARGETED_DEVICE_FAMILY = "1,2";
			};
			name = Release;
		};
/* End XCBuildConfiguration section */

/* Begin XCConfigurationList section */
		CD26DC8822AFFA2A00B06F12 /* Build configuration list for PBXProject "MesCoinsAChampi" */ = {
			isa = XCConfigurationList;
			buildConfigurations = (
				CD26DC9F22AFFA2C00B06F12 /* Debug */,
				CD26DCA022AFFA2C00B06F12 /* Release */,
			);
			defaultConfigurationIsVisible = 0;
			defaultConfigurationName = Release;
		};
		CD26DCA122AFFA2C00B06F12 /* Build configuration list for PBXNativeTarget "MesCoinsAChampi" */ = {
			isa = XCConfigurationList;
			buildConfigurations = (
				CD26DCA222AFFA2C00B06F12 /* Debug */,
				CD26DCA322AFFA2C00B06F12 /* Release */,
			);
			defaultConfigurationIsVisible = 0;
			defaultConfigurationName = Release;
		};
/* End XCConfigurationList section */

/* Begin XCVersionGroup section */
		CDCA67F922B13CFB00CE983E /* MesCoinsAChampi.xcdatamodeld */ = {
			isa = XCVersionGroup;
			children = (
				CDCA67FA22B13CFB00CE983E /* MesCoinsAChampi.xcdatamodel */,
			);
			currentVersion = CDCA67FA22B13CFB00CE983E /* MesCoinsAChampi.xcdatamodel */;
			path = MesCoinsAChampi.xcdatamodeld;
			sourceTree = "<group>";
			versionGroupType = wrapper.xcdatamodel;
		};
/* End XCVersionGroup section */
	};
	rootObject = CD26DC8522AFFA2A00B06F12 /* Project object */;
}
